
Microsoft Visual Studio Solution File, Format Version 12.00
# Visual Studio Version 16
VisualStudioVersion = 16.0.31105.61
MinimumVisualStudioVersion = 10.0.40219.1
Project("{2150E333-8FDC-42A3-9474-1A3956D46DE8}") = "Resources", "Resources", "{36966119-7497-4DAA-AE40-330EAF427EBA}"
EndProject
Project("{2150E333-8FDC-42A3-9474-1A3956D46DE8}") = "SQL Scripts", "SQL Scripts", "{FAF02B59-E383-4DCA-8747-6793BA1C24BB}"
	ProjectSection(SolutionItems) = preProject
		..\..\..\OneDrive\Документы\SQL Server Management Studio\SurveysApp\Create tables.sql = ..\..\..\OneDrive\Документы\SQL Server Management Studio\SurveysApp\Create tables.sql
		..\..\..\OneDrive\Документы\SQL Server Management Studio\SurveysApp\Drop tables.sql = ..\..\..\OneDrive\Документы\SQL Server Management Studio\SurveysApp\Drop tables.sql
		..\..\..\OneDrive\Документы\SQL Server Management Studio\SurveysApp\Test values.sql = ..\..\..\OneDrive\Документы\SQL Server Management Studio\SurveysApp\Test values.sql
	EndProjectSection
EndProject
Project("{2150E333-8FDC-42A3-9474-1A3956D46DE8}") = "Source", "Source", "{D11A51B9-4ACF-43CD-A806-51BEED9B96F1}"
EndProject
Project("{2150E333-8FDC-42A3-9474-1A3956D46DE8}") = "Core", "Core", "{AEE45398-0EA7-4CE7-AE82-BC37930E4AB1}"
EndProject
Project("{9A19103F-16F7-4668-BE54-9A1E7A4F7556}") = "DomainModel", "DomainModel\DomainModel.csproj", "{1491D728-73D1-4435-8EC1-6949A3FE5EC6}"
EndProject
Project("{9A19103F-16F7-4668-BE54-9A1E7A4F7556}") = "Application", "Application\Application.csproj", "{3BA83442-4A9F-41D6-B6B3-9C748158C420}"
EndProject
Global
	GlobalSection(SolutionConfigurationPlatforms) = preSolution
		Debug|Any CPU = Debug|Any CPU
		Release|Any CPU = Release|Any CPU
	EndGlobalSection
	GlobalSection(ProjectConfigurationPlatforms) = postSolution
		{1491D728-73D1-4435-8EC1-6949A3FE5EC6}.Debug|Any CPU.ActiveCfg = Debug|Any CPU
		{1491D728-73D1-4435-8EC1-6949A3FE5EC6}.Debug|Any CPU.Build.0 = Debug|Any CPU
		{1491D728-73D1-4435-8EC1-6949A3FE5EC6}.Release|Any CPU.ActiveCfg = Release|Any CPU
		{1491D728-73D1-4435-8EC1-6949A3FE5EC6}.Release|Any CPU.Build.0 = Release|Any CPU
		{3BA83442-4A9F-41D6-B6B3-9C748158C420}.Debug|Any CPU.ActiveCfg = Debug|Any CPU
		{3BA83442-4A9F-41D6-B6B3-9C748158C420}.Debug|Any CPU.Build.0 = Debug|Any CPU
		{3BA83442-4A9F-41D6-B6B3-9C748158C420}.Release|Any CPU.ActiveCfg = Release|Any CPU
		{3BA83442-4A9F-41D6-B6B3-9C748158C420}.Release|Any CPU.Build.0 = Release|Any CPU
	EndGlobalSection
	GlobalSection(SolutionProperties) = preSolution
		HideSolutionNode = FALSE
	EndGlobalSection
	GlobalSection(NestedProjects) = preSolution
		{FAF02B59-E383-4DCA-8747-6793BA1C24BB} = {36966119-7497-4DAA-AE40-330EAF427EBA}
		{AEE45398-0EA7-4CE7-AE82-BC37930E4AB1} = {D11A51B9-4ACF-43CD-A806-51BEED9B96F1}
		{1491D728-73D1-4435-8EC1-6949A3FE5EC6} = {AEE45398-0EA7-4CE7-AE82-BC37930E4AB1}
		{3BA83442-4A9F-41D6-B6B3-9C748158C420} = {AEE45398-0EA7-4CE7-AE82-BC37930E4AB1}
	EndGlobalSection
	GlobalSection(ExtensibilityGlobals) = postSolution
		SolutionGuid = {054B7CFA-8B16-460C-B9F6-EFAE5136EF7F}
	EndGlobalSection
EndGlobal
